
Microsoft Visual Studio Solution File, Format Version 12.00
# Visual Studio 15
VisualStudioVersion = 15.0.28010.2050
MinimumVisualStudioVersion = 10.0.40219.1
Project("{9A19103F-16F7-4668-BE54-9A1E7A4F7556}") = "XE.VSSaturday.RazorPages.Web", "XE.VSSaturday.RazorPages.Web\XE.VSSaturday.RazorPages.Web.csproj", "{48CD26FE-9DBA-4923-AF58-57123D38E902}"
EndProject
Project("{9A19103F-16F7-4668-BE54-9A1E7A4F7556}") = "XE.VSSaturday.RazorPages.Agenda", "XE.VSSaturday.RazorPages.Agenda\XE.VSSaturday.RazorPages.Agenda.csproj", "{3B8AF641-CEE6-4376-89FA-1A0020DDB9EE}"
EndProject
Global
	GlobalSection(SolutionConfigurationPlatforms) = preSolution
		Debug|Any CPU = Debug|Any CPU
		Release|Any CPU = Release|Any CPU
	EndGlobalSection
	GlobalSection(ProjectConfigurationPlatforms) = postSolution
		{48CD26FE-9DBA-4923-AF58-57123D38E902}.Debug|Any CPU.ActiveCfg = Debug|Any CPU
		{48CD26FE-9DBA-4923-AF58-57123D38E902}.Debug|Any CPU.Build.0 = Debug|Any CPU
		{48CD26FE-9DBA-4923-AF58-57123D38E902}.Release|Any CPU.ActiveCfg = Release|Any CPU
		{48CD26FE-9DBA-4923-AF58-57123D38E902}.Release|Any CPU.Build.0 = Release|Any CPU
		{3B8AF641-CEE6-4376-89FA-1A0020DDB9EE}.Debug|Any CPU.ActiveCfg = Debug|Any CPU
		{3B8AF641-CEE6-4376-89FA-1A0020DDB9EE}.Debug|Any CPU.Build.0 = Debug|Any CPU
		{3B8AF641-CEE6-4376-89FA-1A0020DDB9EE}.Release|Any CPU.ActiveCfg = Release|Any CPU
		{3B8AF641-CEE6-4376-89FA-1A0020DDB9EE}.Release|Any CPU.Build.0 = Release|Any CPU
	EndGlobalSection
	GlobalSection(SolutionProperties) = preSolution
		HideSolutionNode = FALSE
	EndGlobalSection
	GlobalSection(ExtensibilityGlobals) = postSolution
		SolutionGuid = {CD063777-628B-4543-98A3-53D3E9B37A9A}
	EndGlobalSection
EndGlobal
